// !$*UTF8*$!
{
	archiveVersion = 1;
	classes = {
	};
	objectVersion = 55;
	objects = {

/* Begin PBXBuildFile section */
		0A5B552F27F9723A00F23A90 /* Photo.swift in Sources */ = {isa = PBXBuildFile; fileRef = 0A5B552E27F9723A00F23A90 /* Photo.swift */; };
		0A5B553B27F9C82F00F23A90 /* PhotoGalleryCollectionViewCell.swift in Sources */ = {isa = PBXBuildFile; fileRef = 0A5B553A27F9C82F00F23A90 /* PhotoGalleryCollectionViewCell.swift */; };
		0A5B553D27F9C89A00F23A90 /* PhotoGalleryViewController.swift in Sources */ = {isa = PBXBuildFile; fileRef = 0A5B553C27F9C89A00F23A90 /* PhotoGalleryViewController.swift */; };
		0A6102EB27E9748300B13474 /* LogInViewController.swift in Sources */ = {isa = PBXBuildFile; fileRef = 0A6102EA27E9748300B13474 /* LogInViewController.swift */; };
		0A6102ED27E975E800B13474 /* LogInView.swift in Sources */ = {isa = PBXBuildFile; fileRef = 0A6102EC27E975E800B13474 /* LogInView.swift */; };
		0A69E6A727F55CDB002FCDFF /* ProfilePhotoGalleryTableViewCell.swift in Sources */ = {isa = PBXBuildFile; fileRef = 0A69E6A627F55CDB002FCDFF /* ProfilePhotoGalleryTableViewCell.swift */; };
		0A69F3C027D1C95700D39C25 /* AppDelegate.swift in Sources */ = {isa = PBXBuildFile; fileRef = 0A69F3BF27D1C95700D39C25 /* AppDelegate.swift */; };
		0A69F3C227D1C95700D39C25 /* SceneDelegate.swift in Sources */ = {isa = PBXBuildFile; fileRef = 0A69F3C127D1C95700D39C25 /* SceneDelegate.swift */; };
		0A69F3C427D1C95700D39C25 /* ViewController.swift in Sources */ = {isa = PBXBuildFile; fileRef = 0A69F3C327D1C95700D39C25 /* ViewController.swift */; };
		0A69F3C927D1C95800D39C25 /* Assets.xcassets in Resources */ = {isa = PBXBuildFile; fileRef = 0A69F3C827D1C95800D39C25 /* Assets.xcassets */; };
		0A69F3CC27D1C95800D39C25 /* LaunchScreen.storyboard in Resources */ = {isa = PBXBuildFile; fileRef = 0A69F3CA27D1C95800D39C25 /* LaunchScreen.storyboard */; };
		0A69F3F027D1CA2500D39C25 /* FeedViewController.swift in Sources */ = {isa = PBXBuildFile; fileRef = 0A69F3EF27D1CA2500D39C25 /* FeedViewController.swift */; };
		0A69F3F227D1CA3900D39C25 /* ProfileViewController.swift in Sources */ = {isa = PBXBuildFile; fileRef = 0A69F3F127D1CA3900D39C25 /* ProfileViewController.swift */; };
		0ABAB2F927DA4946005EC203 /* ProfileHeaderView.swift in Sources */ = {isa = PBXBuildFile; fileRef = 0ABAB2F827DA4946005EC203 /* ProfileHeaderView.swift */; };
		0ADB679927D31FB000918B5C /* InfoViewController.swift in Sources */ = {isa = PBXBuildFile; fileRef = 0ADB679827D31FB000918B5C /* InfoViewController.swift */; };
		0AF23B8D27F7F6BF00DC840D /* ProfilePhotosGalleryCollectionViewCell.swift in Sources */ = {isa = PBXBuildFile; fileRef = 0AF23B8C27F7F6BF00DC840D /* ProfilePhotosGalleryCollectionViewCell.swift */; };
		0AF2E6D827D246C700683463 /* PostViewController.swift in Sources */ = {isa = PBXBuildFile; fileRef = 0AF2E6D727D246C700683463 /* PostViewController.swift */; };
/* End PBXBuildFile section */

/* Begin PBXContainerItemProxy section */
		0A69F3D327D1C95800D39C25 /* PBXContainerItemProxy */ = {
			isa = PBXContainerItemProxy;
			containerPortal = 0A69F3B427D1C95700D39C25 /* Project object */;
			proxyType = 1;
			remoteGlobalIDString = 0A69F3BB27D1C95700D39C25;
			remoteInfo = Navigation;
		};
		0A69F3DD27D1C95800D39C25 /* PBXContainerItemProxy */ = {
			isa = PBXContainerItemProxy;
			containerPortal = 0A69F3B427D1C95700D39C25 /* Project object */;
			proxyType = 1;
			remoteGlobalIDString = 0A69F3BB27D1C95700D39C25;
			remoteInfo = Navigation;
		};
/* End PBXContainerItemProxy section */

/* Begin PBXFileReference section */
		0A5B552E27F9723A00F23A90 /* Photo.swift */ = {isa = PBXFileReference; lastKnownFileType = sourcecode.swift; path = Photo.swift; sourceTree = "<group>"; };
		0A5B553A27F9C82F00F23A90 /* PhotoGalleryCollectionViewCell.swift */ = {isa = PBXFileReference; lastKnownFileType = sourcecode.swift; path = PhotoGalleryCollectionViewCell.swift; sourceTree = "<group>"; };
		0A5B553C27F9C89A00F23A90 /* PhotoGalleryViewController.swift */ = {isa = PBXFileReference; lastKnownFileType = sourcecode.swift; path = PhotoGalleryViewController.swift; sourceTree = "<group>"; };
		0A6102EA27E9748300B13474 /* LogInViewController.swift */ = {isa = PBXFileReference; lastKnownFileType = sourcecode.swift; path = LogInViewController.swift; sourceTree = "<group>"; };
		0A6102EC27E975E800B13474 /* LogInView.swift */ = {isa = PBXFileReference; lastKnownFileType = sourcecode.swift; path = LogInView.swift; sourceTree = "<group>"; };
		0A69E6A627F55CDB002FCDFF /* ProfilePhotoGalleryTableViewCell.swift */ = {isa = PBXFileReference; lastKnownFileType = sourcecode.swift; path = ProfilePhotoGalleryTableViewCell.swift; sourceTree = "<group>"; };
		0A69F3BC27D1C95700D39C25 /* Navigation.app */ = {isa = PBXFileReference; explicitFileType = wrapper.application; includeInIndex = 0; path = Navigation.app; sourceTree = BUILT_PRODUCTS_DIR; };
		0A69F3BF27D1C95700D39C25 /* AppDelegate.swift */ = {isa = PBXFileReference; lastKnownFileType = sourcecode.swift; path = AppDelegate.swift; sourceTree = "<group>"; };
		0A69F3C127D1C95700D39C25 /* SceneDelegate.swift */ = {isa = PBXFileReference; lastKnownFileType = sourcecode.swift; path = SceneDelegate.swift; sourceTree = "<group>"; };
		0A69F3C327D1C95700D39C25 /* ViewController.swift */ = {isa = PBXFileReference; lastKnownFileType = sourcecode.swift; path = ViewController.swift; sourceTree = "<group>"; };
		0A69F3C827D1C95800D39C25 /* Assets.xcassets */ = {isa = PBXFileReference; lastKnownFileType = folder.assetcatalog; path = Assets.xcassets; sourceTree = "<group>"; };
		0A69F3CB27D1C95800D39C25 /* Base */ = {isa = PBXFileReference; lastKnownFileType = file.storyboard; name = Base; path = Base.lproj/LaunchScreen.storyboard; sourceTree = "<group>"; };
		0A69F3CD27D1C95800D39C25 /* Info.plist */ = {isa = PBXFileReference; lastKnownFileType = text.plist.xml; path = Info.plist; sourceTree = "<group>"; };
		0A69F3D227D1C95800D39C25 /* NavigationTests.xctest */ = {isa = PBXFileReference; explicitFileType = wrapper.cfbundle; includeInIndex = 0; path = NavigationTests.xctest; sourceTree = BUILT_PRODUCTS_DIR; };
		0A69F3DC27D1C95800D39C25 /* NavigationUITests.xctest */ = {isa = PBXFileReference; explicitFileType = wrapper.cfbundle; includeInIndex = 0; path = NavigationUITests.xctest; sourceTree = BUILT_PRODUCTS_DIR; };
		0A69F3EF27D1CA2500D39C25 /* FeedViewController.swift */ = {isa = PBXFileReference; lastKnownFileType = sourcecode.swift; path = FeedViewController.swift; sourceTree = "<group>"; };
		0A69F3F127D1CA3900D39C25 /* ProfileViewController.swift */ = {isa = PBXFileReference; lastKnownFileType = sourcecode.swift; path = ProfileViewController.swift; sourceTree = "<group>"; };
		0ABAB2F827DA4946005EC203 /* ProfileHeaderView.swift */ = {isa = PBXFileReference; lastKnownFileType = sourcecode.swift; path = ProfileHeaderView.swift; sourceTree = "<group>"; };
		0ADB679827D31FB000918B5C /* InfoViewController.swift */ = {isa = PBXFileReference; lastKnownFileType = sourcecode.swift; path = InfoViewController.swift; sourceTree = "<group>"; };
		0AF23B8C27F7F6BF00DC840D /* ProfilePhotosGalleryCollectionViewCell.swift */ = {isa = PBXFileReference; lastKnownFileType = sourcecode.swift; path = ProfilePhotosGalleryCollectionViewCell.swift; sourceTree = "<group>"; };
		0AF2E6D727D246C700683463 /* PostViewController.swift */ = {isa = PBXFileReference; lastKnownFileType = sourcecode.swift; path = PostViewController.swift; sourceTree = "<group>"; };
/* End PBXFileReference section */

/* Begin PBXFrameworksBuildPhase section */
		0A69F3B927D1C95700D39C25 /* Frameworks */ = {
			isa = PBXFrameworksBuildPhase;
			buildActionMask = 2147483647;
			files = (
			);
			runOnlyForDeploymentPostprocessing = 0;
		};
		0A69F3CF27D1C95800D39C25 /* Frameworks */ = {
			isa = PBXFrameworksBuildPhase;
			buildActionMask = 2147483647;
			files = (
			);
			runOnlyForDeploymentPostprocessing = 0;
		};
		0A69F3D927D1C95800D39C25 /* Frameworks */ = {
			isa = PBXFrameworksBuildPhase;
			buildActionMask = 2147483647;
			files = (
			);
			runOnlyForDeploymentPostprocessing = 0;
		};
/* End PBXFrameworksBuildPhase section */

/* Begin PBXGroup section */
		0A5B552D27F9721A00F23A90 /* Model */ = {
			isa = PBXGroup;
			children = (
				0A5B552E27F9723A00F23A90 /* Photo.swift */,
			);
			path = Model;
			sourceTree = "<group>";
		};
		0A5B553027F994E900F23A90 /* View */ = {
			isa = PBXGroup;
			children = (
				0A6102EC27E975E800B13474 /* LogInView.swift */,
				0ABAB2F827DA4946005EC203 /* ProfileHeaderView.swift */,
				0A69E6A627F55CDB002FCDFF /* ProfilePhotoGalleryTableViewCell.swift */,
				0AF23B8C27F7F6BF00DC840D /* ProfilePhotosGalleryCollectionViewCell.swift */,
				0A5B553A27F9C82F00F23A90 /* PhotoGalleryCollectionViewCell.swift */,
			);
			path = View;
			sourceTree = "<group>";
		};
		0A5B553127F994F800F23A90 /* Controller */ = {
			isa = PBXGroup;
			children = (
				0ADB679827D31FB000918B5C /* InfoViewController.swift */,
				0AF2E6D727D246C700683463 /* PostViewController.swift */,
				0A69F3F127D1CA3900D39C25 /* ProfileViewController.swift */,
				0A6102EA27E9748300B13474 /* LogInViewController.swift */,
				0A69F3EF27D1CA2500D39C25 /* FeedViewController.swift */,
				0A5B553C27F9C89A00F23A90 /* PhotoGalleryViewController.swift */,
			);
			path = Controller;
			sourceTree = "<group>";
		};
		0A69F3B327D1C95700D39C25 = {
			isa = PBXGroup;
			children = (
				0A69F3BE27D1C95700D39C25 /* Navigation */,
				0A69F3BD27D1C95700D39C25 /* Products */,
			);
			sourceTree = "<group>";
		};
		0A69F3BD27D1C95700D39C25 /* Products */ = {
			isa = PBXGroup;
			children = (
				0A69F3BC27D1C95700D39C25 /* Navigation.app */,
				0A69F3D227D1C95800D39C25 /* NavigationTests.xctest */,
				0A69F3DC27D1C95800D39C25 /* NavigationUITests.xctest */,
			);
			name = Products;
			sourceTree = "<group>";
		};
		0A69F3BE27D1C95700D39C25 /* Navigation */ = {
			isa = PBXGroup;
			children = (
				0A5B552D27F9721A00F23A90 /* Model */,
				0A5B553027F994E900F23A90 /* View */,
				0A5B553127F994F800F23A90 /* Controller */,
				0A69F3BF27D1C95700D39C25 /* AppDelegate.swift */,
				0A69F3C327D1C95700D39C25 /* ViewController.swift */,
				0A69F3C127D1C95700D39C25 /* SceneDelegate.swift */,
				0A69F3C827D1C95800D39C25 /* Assets.xcassets */,
				0A69F3CA27D1C95800D39C25 /* LaunchScreen.storyboard */,
				0A69F3CD27D1C95800D39C25 /* Info.plist */,
			);
			path = Navigation;
			sourceTree = "<group>";
		};
/* End PBXGroup section */

/* Begin PBXNativeTarget section */
		0A69F3BB27D1C95700D39C25 /* Navigation */ = {
			isa = PBXNativeTarget;
			buildConfigurationList = 0A69F3E627D1C95800D39C25 /* Build configuration list for PBXNativeTarget "Navigation" */;
			buildPhases = (
				0A69F3B827D1C95700D39C25 /* Sources */,
				0A69F3B927D1C95700D39C25 /* Frameworks */,
				0A69F3BA27D1C95700D39C25 /* Resources */,
			);
			buildRules = (
			);
			dependencies = (
			);
			name = Navigation;
			productName = Navigation;
			productReference = 0A69F3BC27D1C95700D39C25 /* Navigation.app */;
			productType = "com.apple.product-type.application";
		};
		0A69F3D127D1C95800D39C25 /* NavigationTests */ = {
			isa = PBXNativeTarget;
			buildConfigurationList = 0A69F3E927D1C95800D39C25 /* Build configuration list for PBXNativeTarget "NavigationTests" */;
			buildPhases = (
				0A69F3CE27D1C95800D39C25 /* Sources */,
				0A69F3CF27D1C95800D39C25 /* Frameworks */,
				0A69F3D027D1C95800D39C25 /* Resources */,
			);
			buildRules = (
			);
			dependencies = (
				0A69F3D427D1C95800D39C25 /* PBXTargetDependency */,
			);
			name = NavigationTests;
			productName = NavigationTests;
			productReference = 0A69F3D227D1C95800D39C25 /* NavigationTests.xctest */;
			productType = "com.apple.product-type.bundle.unit-test";
		};
		0A69F3DB27D1C95800D39C25 /* NavigationUITests */ = {
			isa = PBXNativeTarget;
			buildConfigurationList = 0A69F3EC27D1C95800D39C25 /* Build configuration list for PBXNativeTarget "NavigationUITests" */;
			buildPhases = (
				0A69F3D827D1C95800D39C25 /* Sources */,
				0A69F3D927D1C95800D39C25 /* Frameworks */,
				0A69F3DA27D1C95800D39C25 /* Resources */,
			);
			buildRules = (
			);
			dependencies = (
				0A69F3DE27D1C95800D39C25 /* PBXTargetDependency */,
			);
			name = NavigationUITests;
			productName = NavigationUITests;
			productReference = 0A69F3DC27D1C95800D39C25 /* NavigationUITests.xctest */;
			productType = "com.apple.product-type.bundle.ui-testing";
		};
/* End PBXNativeTarget section */

/* Begin PBXProject section */
		0A69F3B427D1C95700D39C25 /* Project object */ = {
			isa = PBXProject;
			attributes = {
				BuildIndependentTargetsInParallel = 1;
				LastSwiftUpdateCheck = 1310;
				LastUpgradeCheck = 1310;
				TargetAttributes = {
					0A69F3BB27D1C95700D39C25 = {
						CreatedOnToolsVersion = 13.1;
					};
					0A69F3D127D1C95800D39C25 = {
						CreatedOnToolsVersion = 13.1;
						TestTargetID = 0A69F3BB27D1C95700D39C25;
					};
					0A69F3DB27D1C95800D39C25 = {
						CreatedOnToolsVersion = 13.1;
						TestTargetID = 0A69F3BB27D1C95700D39C25;
					};
				};
			};
			buildConfigurationList = 0A69F3B727D1C95700D39C25 /* Build configuration list for PBXProject "Navigation" */;
			compatibilityVersion = "Xcode 13.0";
			developmentRegion = en;
			hasScannedForEncodings = 0;
			knownRegions = (
				en,
				Base,
			);
			mainGroup = 0A69F3B327D1C95700D39C25;
			productRefGroup = 0A69F3BD27D1C95700D39C25 /* Products */;
			projectDirPath = "";
			projectRoot = "";
			targets = (
				0A69F3BB27D1C95700D39C25 /* Navigation */,
				0A69F3D127D1C95800D39C25 /* NavigationTests */,
				0A69F3DB27D1C95800D39C25 /* NavigationUITests */,
			);
		};
/* End PBXProject section */

/* Begin PBXResourcesBuildPhase section */
		0A69F3BA27D1C95700D39C25 /* Resources */ = {
			isa = PBXResourcesBuildPhase;
			buildActionMask = 2147483647;
			files = (
				0A69F3CC27D1C95800D39C25 /* LaunchScreen.storyboard in Resources */,
				0A69F3C927D1C95800D39C25 /* Assets.xcassets in Resources */,
			);
			runOnlyForDeploymentPostprocessing = 0;
		};
		0A69F3D027D1C95800D39C25 /* Resources */ = {
			isa = PBXResourcesBuildPhase;
			buildActionMask = 2147483647;
			files = (
			);
			runOnlyForDeploymentPostprocessing = 0;
		};
		0A69F3DA27D1C95800D39C25 /* Resources */ = {
			isa = PBXResourcesBuildPhase;
			buildActionMask = 2147483647;
			files = (
			);
			runOnlyForDeploymentPostprocessing = 0;
		};
/* End PBXResourcesBuildPhase section */

/* Begin PBXSourcesBuildPhase section */
		0A69F3B827D1C95700D39C25 /* Sources */ = {
			isa = PBXSourcesBuildPhase;
			buildActionMask = 2147483647;
			files = (
				0A5B552F27F9723A00F23A90 /* Photo.swift in Sources */,
				0A6102ED27E975E800B13474 /* LogInView.swift in Sources */,
				0AF2E6D827D246C700683463 /* PostViewController.swift in Sources */,
				0A69F3C427D1C95700D39C25 /* ViewController.swift in Sources */,
				0A69E6A727F55CDB002FCDFF /* ProfilePhotoGalleryTableViewCell.swift in Sources */,
				0A6102EB27E9748300B13474 /* LogInViewController.swift in Sources */,
				0AF23B8D27F7F6BF00DC840D /* ProfilePhotosGalleryCollectionViewCell.swift in Sources */,
				0A5B553B27F9C82F00F23A90 /* PhotoGalleryCollectionViewCell.swift in Sources */,
				0A5B553D27F9C89A00F23A90 /* PhotoGalleryViewController.swift in Sources */,
				0A69F3C027D1C95700D39C25 /* AppDelegate.swift in Sources */,
				0ADB679927D31FB000918B5C /* InfoViewController.swift in Sources */,
				0A69F3F227D1CA3900D39C25 /* ProfileViewController.swift in Sources */,
				0A69F3F027D1CA2500D39C25 /* FeedViewController.swift in Sources */,
				0A69F3C227D1C95700D39C25 /* SceneDelegate.swift in Sources */,
				0ABAB2F927DA4946005EC203 /* ProfileHeaderView.swift in Sources */,
			);
			runOnlyForDeploymentPostprocessing = 0;
		};
		0A69F3CE27D1C95800D39C25 /* Sources */ = {
			isa = PBXSourcesBuildPhase;
			buildActionMask = 2147483647;
			files = (
			);
			runOnlyForDeploymentPostprocessing = 0;
		};
		0A69F3D827D1C95800D39C25 /* Sources */ = {
			isa = PBXSourcesBuildPhase;
			buildActionMask = 2147483647;
			files = (
			);
			runOnlyForDeploymentPostprocessing = 0;
		};
/* End PBXSourcesBuildPhase section */

/* Begin PBXTargetDependency section */
		0A69F3D427D1C95800D39C25 /* PBXTargetDependency */ = {
			isa = PBXTargetDependency;
			target = 0A69F3BB27D1C95700D39C25 /* Navigation */;
			targetProxy = 0A69F3D327D1C95800D39C25 /* PBXContainerItemProxy */;
		};
		0A69F3DE27D1C95800D39C25 /* PBXTargetDependency */ = {
			isa = PBXTargetDependency;
			target = 0A69F3BB27D1C95700D39C25 /* Navigation */;
			targetProxy = 0A69F3DD27D1C95800D39C25 /* PBXContainerItemProxy */;
		};
/* End PBXTargetDependency section */

/* Begin PBXVariantGroup section */
		0A69F3CA27D1C95800D39C25 /* LaunchScreen.storyboard */ = {
			isa = PBXVariantGroup;
			children = (
				0A69F3CB27D1C95800D39C25 /* Base */,
			);
			name = LaunchScreen.storyboard;
			sourceTree = "<group>";
		};
/* End PBXVariantGroup section */

/* Begin XCBuildConfiguration section */
		0A69F3E427D1C95800D39C25 /* Debug */ = {
			isa = XCBuildConfiguration;
			buildSettings = {
				ALWAYS_SEARCH_USER_PATHS = NO;
				CLANG_ANALYZER_NONNULL = YES;
				CLANG_ANALYZER_NUMBER_OBJECT_CONVERSION = YES_AGGRESSIVE;
				CLANG_CXX_LANGUAGE_STANDARD = "gnu++17";
				CLANG_CXX_LIBRARY = "libc++";
				CLANG_ENABLE_MODULES = YES;
				CLANG_ENABLE_OBJC_ARC = YES;
				CLANG_ENABLE_OBJC_WEAK = YES;
				CLANG_WARN_BLOCK_CAPTURE_AUTORELEASING = YES;
				CLANG_WARN_BOOL_CONVERSION = YES;
				CLANG_WARN_COMMA = YES;
				CLANG_WARN_CONSTANT_CONVERSION = YES;
				CLANG_WARN_DEPRECATED_OBJC_IMPLEMENTATIONS = YES;
				CLANG_WARN_DIRECT_OBJC_ISA_USAGE = YES_ERROR;
				CLANG_WARN_DOCUMENTATION_COMMENTS = YES;
				CLANG_WARN_EMPTY_BODY = YES;
				CLANG_WARN_ENUM_CONVERSION = YES;
				CLANG_WARN_INFINITE_RECURSION = YES;
				CLANG_WARN_INT_CONVERSION = YES;
				CLANG_WARN_NON_LITERAL_NULL_CONVERSION = YES;
				CLANG_WARN_OBJC_IMPLICIT_RETAIN_SELF = YES;
				CLANG_WARN_OBJC_LITERAL_CONVERSION = YES;
				CLANG_WARN_OBJC_ROOT_CLASS = YES_ERROR;
				CLANG_WARN_QUOTED_INCLUDE_IN_FRAMEWORK_HEADER = YES;
				CLANG_WARN_RANGE_LOOP_ANALYSIS = YES;
				CLANG_WARN_STRICT_PROTOTYPES = YES;
				CLANG_WARN_SUSPICIOUS_MOVE = YES;
				CLANG_WARN_UNGUARDED_AVAILABILITY = YES_AGGRESSIVE;
				CLANG_WARN_UNREACHABLE_CODE = YES;
				CLANG_WARN__DUPLICATE_METHOD_MATCH = YES;
				COPY_PHASE_STRIP = NO;
				DEBUG_INFORMATION_FORMAT = dwarf;
				ENABLE_STRICT_OBJC_MSGSEND = YES;
				ENABLE_TESTABILITY = YES;
				GCC_C_LANGUAGE_STANDARD = gnu11;
				GCC_DYNAMIC_NO_PIC = NO;
				GCC_NO_COMMON_BLOCKS = YES;
				GCC_OPTIMIZATION_LEVEL = 0;
				GCC_PREPROCESSOR_DEFINITIONS = (
					"DEBUG=1",
					"$(inherited)",
				);
				GCC_WARN_64_TO_32_BIT_CONVERSION = YES;
				GCC_WARN_ABOUT_RETURN_TYPE = YES_ERROR;
				GCC_WARN_UNDECLARED_SELECTOR = YES;
				GCC_WARN_UNINITIALIZED_AUTOS = YES_AGGRESSIVE;
				GCC_WARN_UNUSED_FUNCTION = YES;
				GCC_WARN_UNUSED_VARIABLE = YES;
				IPHONEOS_DEPLOYMENT_TARGET = 15.0;
				MTL_ENABLE_DEBUG_INFO = INCLUDE_SOURCE;
				MTL_FAST_MATH = YES;
				ONLY_ACTIVE_ARCH = YES;
				SDKROOT = iphoneos;
				SWIFT_ACTIVE_COMPILATION_CONDITIONS = DEBUG;
				SWIFT_OPTIMIZATION_LEVEL = "-Onone";
			};
			name = Debug;
		};
		0A69F3E527D1C95800D39C25 /* Release */ = {
			isa = XCBuildConfiguration;
			buildSettings = {
				ALWAYS_SEARCH_USER_PATHS = NO;
				CLANG_ANALYZER_NONNULL = YES;
				CLANG_ANALYZER_NUMBER_OBJECT_CONVERSION = YES_AGGRESSIVE;
				CLANG_CXX_LANGUAGE_STANDARD = "gnu++17";
				CLANG_CXX_LIBRARY = "libc++";
				CLANG_ENABLE_MODULES = YES;
				CLANG_ENABLE_OBJC_ARC = YES;
				CLANG_ENABLE_OBJC_WEAK = YES;
				CLANG_WARN_BLOCK_CAPTURE_AUTORELEASING = YES;
				CLANG_WARN_BOOL_CONVERSION = YES;
				CLANG_WARN_COMMA = YES;
				CLANG_WARN_CONSTANT_CONVERSION = YES;
				CLANG_WARN_DEPRECATED_OBJC_IMPLEMENTATIONS = YES;
				CLANG_WARN_DIRECT_OBJC_ISA_USAGE = YES_ERROR;
				CLANG_WARN_DOCUMENTATION_COMMENTS = YES;
				CLANG_WARN_EMPTY_BODY = YES;
				CLANG_WARN_ENUM_CONVERSION = YES;
				CLANG_WARN_INFINITE_RECURSION = YES;
				CLANG_WARN_INT_CONVERSION = YES;
				CLANG_WARN_NON_LITERAL_NULL_CONVERSION = YES;
				CLANG_WARN_OBJC_IMPLICIT_RETAIN_SELF = YES;
				CLANG_WARN_OBJC_LITERAL_CONVERSION = YES;
				CLANG_WARN_OBJC_ROOT_CLASS = YES_ERROR;
				CLANG_WARN_QUOTED_INCLUDE_IN_FRAMEWORK_HEADER = YES;
				CLANG_WARN_RANGE_LOOP_ANALYSIS = YES;
				CLANG_WARN_STRICT_PROTOTYPES = YES;
				CLANG_WARN_SUSPICIOUS_MOVE = YES;
				CLANG_WARN_UNGUARDED_AVAILABILITY = YES_AGGRESSIVE;
				CLANG_WARN_UNREACHABLE_CODE = YES;
				CLANG_WARN__DUPLICATE_METHOD_MATCH = YES;
				COPY_PHASE_STRIP = NO;
				DEBUG_INFORMATION_FORMAT = "dwarf-with-dsym";
				ENABLE_NS_ASSERTIONS = NO;
				ENABLE_STRICT_OBJC_MSGSEND = YES;
				GCC_C_LANGUAGE_STANDARD = gnu11;
				GCC_NO_COMMON_BLOCKS = YES;
				GCC_WARN_64_TO_32_BIT_CONVERSION = YES;
				GCC_WARN_ABOUT_RETURN_TYPE = YES_ERROR;
				GCC_WARN_UNDECLARED_SELECTOR = YES;
				GCC_WARN_UNINITIALIZED_AUTOS = YES_AGGRESSIVE;
				GCC_WARN_UNUSED_FUNCTION = YES;
				GCC_WARN_UNUSED_VARIABLE = YES;
				IPHONEOS_DEPLOYMENT_TARGET = 15.0;
				MTL_ENABLE_DEBUG_INFO = NO;
				MTL_FAST_MATH = YES;
				SDKROOT = iphoneos;
				SWIFT_COMPILATION_MODE = wholemodule;
				SWIFT_OPTIMIZATION_LEVEL = "-O";
				VALIDATE_PRODUCT = YES;
			};
			name = Release;
		};
		0A69F3E727D1C95800D39C25 /* Debug */ = {
			isa = XCBuildConfiguration;
			buildSettings = {
				ASSETCATALOG_COMPILER_APPICON_NAME = AppIcon;
				ASSETCATALOG_COMPILER_GLOBAL_ACCENT_COLOR_NAME = AccentColor;
				CODE_SIGN_STYLE = Automatic;
				CURRENT_PROJECT_VERSION = 1;
				DEVELOPMENT_TEAM = Q287J83R9Z;
				GENERATE_INFOPLIST_FILE = YES;
				INFOPLIST_FILE = Navigation/Info.plist;
				INFOPLIST_KEY_UIApplicationSupportsIndirectInputEvents = YES;
				INFOPLIST_KEY_UILaunchStoryboardName = LaunchScreen;
				INFOPLIST_KEY_UISupportedInterfaceOrientations_iPad = "UIInterfaceOrientationPortrait UIInterfaceOrientationPortraitUpsideDown UIInterfaceOrientationLandscapeLeft UIInterfaceOrientationLandscapeRight";
				INFOPLIST_KEY_UISupportedInterfaceOrientations_iPhone = "UIInterfaceOrientationPortrait UIInterfaceOrientationLandscapeLeft UIInterfaceOrientationLandscapeRight";
				LD_RUNPATH_SEARCH_PATHS = (
					"$(inherited)",
					"@executable_path/Frameworks",
				);
				MARKETING_VERSION = 1.0;
				PRODUCT_BUNDLE_IDENTIFIER = dimanf.Navigation;
				PRODUCT_NAME = "$(TARGET_NAME)";
				SWIFT_EMIT_LOC_STRINGS = YES;
				SWIFT_VERSION = 5.0;
				TARGETED_DEVICE_FAMILY = 1;
			};
			name = Debug;
		};
		0A69F3E827D1C95800D39C25 /* Release */ = {
			isa = XCBuildConfiguration;
			buildSettings = {
				ASSETCATALOG_COMPILER_APPICON_NAME = AppIcon;
				ASSETCATALOG_COMPILER_GLOBAL_ACCENT_COLOR_NAME = AccentColor;
				CODE_SIGN_STYLE = Automatic;
				CURRENT_PROJECT_VERSION = 1;
				DEVELOPMENT_TEAM = Q287J83R9Z;
				GENERATE_INFOPLIST_FILE = YES;
				INFOPLIST_FILE = Navigation/Info.plist;
				INFOPLIST_KEY_UIApplicationSupportsIndirectInputEvents = YES;
				INFOPLIST_KEY_UILaunchStoryboardName = LaunchScreen;
				INFOPLIST_KEY_UISupportedInterfaceOrientations_iPad = "UIInterfaceOrientationPortrait UIInterfaceOrientationPortraitUpsideDown UIInterfaceOrientationLandscapeLeft UIInterfaceOrientationLandscapeRight";
				INFOPLIST_KEY_UISupportedInterfaceOrientations_iPhone = "UIInterfaceOrientationPortrait UIInterfaceOrientationLandscapeLeft UIInterfaceOrientationLandscapeRight";
				LD_RUNPATH_SEARCH_PATHS = (
					"$(inherited)",
					"@executable_path/Frameworks",
				);
				MARKETING_VERSION = 1.0;
				PRODUCT_BUNDLE_IDENTIFIER = dimanf.Navigation;
				PRODUCT_NAME = "$(TARGET_NAME)";
				SWIFT_EMIT_LOC_STRINGS = YES;
				SWIFT_VERSION = 5.0;
				TARGETED_DEVICE_FAMILY = 1;
			};
			name = Release;
		};
		0A69F3EA27D1C95800D39C25 /* Debug */ = {
			isa = XCBuildConfiguration;
			buildSettings = {
				ALWAYS_EMBED_SWIFT_STANDARD_LIBRARIES = YES;
				BUNDLE_LOADER = "$(TEST_HOST)";
				CODE_SIGN_STYLE = Automatic;
				CURRENT_PROJECT_VERSION = 1;
				DEVELOPMENT_TEAM = Q287J83R9Z;
				GENERATE_INFOPLIST_FILE = YES;
				IPHONEOS_DEPLOYMENT_TARGET = 15.0;
				LD_RUNPATH_SEARCH_PATHS = (
					"$(inherited)",
					"@executable_path/Frameworks",
					"@loader_path/Frameworks",
				);
				MARKETING_VERSION = 1.0;
				PRODUCT_BUNDLE_IDENTIFIER = dimanf.NavigationTests;
				PRODUCT_NAME = "$(TARGET_NAME)";
				SWIFT_EMIT_LOC_STRINGS = NO;
				SWIFT_VERSION = 5.0;
				TARGETED_DEVICE_FAMILY = "1,2";
				TEST_HOST = "$(BUILT_PRODUCTS_DIR)/Navigation.app/Navigation";
			};
			name = Debug;
		};
		0A69F3EB27D1C95800D39C25 /* Release */ = {
			isa = XCBuildConfiguration;
			buildSettings = {
				ALWAYS_EMBED_SWIFT_STANDARD_LIBRARIES = YES;
				BUNDLE_LOADER = "$(TEST_HOST)";
				CODE_SIGN_STYLE = Automatic;
				CURRENT_PROJECT_VERSION = 1;
				DEVELOPMENT_TEAM = Q287J83R9Z;
				GENERATE_INFOPLIST_FILE = YES;
				IPHONEOS_DEPLOYMENT_TARGET = 15.0;
				LD_RUNPATH_SEARCH_PATHS = (
					"$(inherited)",
					"@executable_path/Frameworks",
					"@loader_path/Frameworks",
				);
				MARKETING_VERSION = 1.0;
				PRODUCT_BUNDLE_IDENTIFIER = dimanf.NavigationTests;
				PRODUCT_NAME = "$(TARGET_NAME)";
				SWIFT_EMIT_LOC_STRINGS = NO;
				SWIFT_VERSION = 5.0;
				TARGETED_DEVICE_FAMILY = "1,2";
				TEST_HOST = "$(BUILT_PRODUCTS_DIR)/Navigation.app/Navigation";
			};
			name = Release;
		};
		0A69F3ED27D1C95800D39C25 /* Debug */ = {
			isa = XCBuildConfiguration;
			buildSettings = {
				ALWAYS_EMBED_SWIFT_STANDARD_LIBRARIES = YES;
				CODE_SIGN_STYLE = Automatic;
				CURRENT_PROJECT_VERSION = 1;
				DEVELOPMENT_TEAM = Q287J83R9Z;
				GENERATE_INFOPLIST_FILE = YES;
				LD_RUNPATH_SEARCH_PATHS = (
					"$(inherited)",
					"@executable_path/Frameworks",
					"@loader_path/Frameworks",
				);
				MARKETING_VERSION = 1.0;
				PRODUCT_BUNDLE_IDENTIFIER = dimanf.NavigationUITests;
				PRODUCT_NAME = "$(TARGET_NAME)";
				SWIFT_EMIT_LOC_STRINGS = NO;
				SWIFT_VERSION = 5.0;
				TARGETED_DEVICE_FAMILY = "1,2";
				TEST_TARGET_NAME = Navigation;
			};
			name = Debug;
		};
		0A69F3EE27D1C95800D39C25 /* Release */ = {
			isa = XCBuildConfiguration;
			buildSettings = {
				ALWAYS_EMBED_SWIFT_STANDARD_LIBRARIES = YES;
				CODE_SIGN_STYLE = Automatic;
				CURRENT_PROJECT_VERSION = 1;
				DEVELOPMENT_TEAM = Q287J83R9Z;
				GENERATE_INFOPLIST_FILE = YES;
				LD_RUNPATH_SEARCH_PATHS = (
					"$(inherited)",
					"@executable_path/Frameworks",
					"@loader_path/Frameworks",
				);
				MARKETING_VERSION = 1.0;
				PRODUCT_BUNDLE_IDENTIFIER = dimanf.NavigationUITests;
				PRODUCT_NAME = "$(TARGET_NAME)";
				SWIFT_EMIT_LOC_STRINGS = NO;
				SWIFT_VERSION = 5.0;
				TARGETED_DEVICE_FAMILY = "1,2";
				TEST_TARGET_NAME = Navigation;
			};
			name = Release;
		};
/* End XCBuildConfiguration section */

/* Begin XCConfigurationList section */
		0A69F3B727D1C95700D39C25 /* Build configuration list for PBXProject "Navigation" */ = {
			isa = XCConfigurationList;
			buildConfigurations = (
				0A69F3E427D1C95800D39C25 /* Debug */,
				0A69F3E527D1C95800D39C25 /* Release */,
			);
			defaultConfigurationIsVisible = 0;
			defaultConfigurationName = Release;
		};
		0A69F3E627D1C95800D39C25 /* Build configuration list for PBXNativeTarget "Navigation" */ = {
			isa = XCConfigurationList;
			buildConfigurations = (
				0A69F3E727D1C95800D39C25 /* Debug */,
				0A69F3E827D1C95800D39C25 /* Release */,
			);
			defaultConfigurationIsVisible = 0;
			defaultConfigurationName = Release;
		};
		0A69F3E927D1C95800D39C25 /* Build configuration list for PBXNativeTarget "NavigationTests" */ = {
			isa = XCConfigurationList;
			buildConfigurations = (
				0A69F3EA27D1C95800D39C25 /* Debug */,
				0A69F3EB27D1C95800D39C25 /* Release */,
			);
			defaultConfigurationIsVisible = 0;
			defaultConfigurationName = Release;
		};
		0A69F3EC27D1C95800D39C25 /* Build configuration list for PBXNativeTarget "NavigationUITests" */ = {
			isa = XCConfigurationList;
			buildConfigurations = (
				0A69F3ED27D1C95800D39C25 /* Debug */,
				0A69F3EE27D1C95800D39C25 /* Release */,
			);
			defaultConfigurationIsVisible = 0;
			defaultConfigurationName = Release;
		};
/* End XCConfigurationList section */
	};
	rootObject = 0A69F3B427D1C95700D39C25 /* Project object */;
}
